
Microsoft Visual Studio Solution File, Format Version 12.00
# Visual Studio Version 17
VisualStudioVersion = 17.12.35506.116
MinimumVisualStudioVersion = 10.0.40219.1
Project("{FAE04EC0-301F-11D3-BF4B-00C04F79EFBC}") = "REVALSYS", "REVALSYS\REVALSYS.csproj", "{200163F0-B2AE-43C9-AC7E-DFEB2C649537}"
EndProject
Project("{FAE04EC0-301F-11D3-BF4B-00C04F79EFBC}") = "EmployeeManagement", "EmployeeManagement\EmployeeManagement.csproj", "{7A2F120D-4766-471D-B8C2-C33C0C740304}"
EndProject
Global
	GlobalSection(SolutionConfigurationPlatforms) = preSolution
		Debug|Any CPU = Debug|Any CPU
		Release|Any CPU = Release|Any CPU
	EndGlobalSection
	GlobalSection(ProjectConfigurationPlatforms) = postSolution
		{200163F0-B2AE-43C9-AC7E-DFEB2C649537}.Debug|Any CPU.ActiveCfg = Debug|Any CPU
		{200163F0-B2AE-43C9-AC7E-DFEB2C649537}.Debug|Any CPU.Build.0 = Debug|Any CPU
		{200163F0-B2AE-43C9-AC7E-DFEB2C649537}.Release|Any CPU.ActiveCfg = Release|Any CPU
		{200163F0-B2AE-43C9-AC7E-DFEB2C649537}.Release|Any CPU.Build.0 = Release|Any CPU
		{7A2F120D-4766-471D-B8C2-C33C0C740304}.Debug|Any CPU.ActiveCfg = Debug|Any CPU
		{7A2F120D-4766-471D-B8C2-C33C0C740304}.Debug|Any CPU.Build.0 = Debug|Any CPU
		{7A2F120D-4766-471D-B8C2-C33C0C740304}.Release|Any CPU.ActiveCfg = Release|Any CPU
		{7A2F120D-4766-471D-B8C2-C33C0C740304}.Release|Any CPU.Build.0 = Release|Any CPU
	EndGlobalSection
	GlobalSection(SolutionProperties) = preSolution
		HideSolutionNode = FALSE
	EndGlobalSection
EndGlobal
